
Microsoft Visual Studio Solution File, Format Version 12.00
# Visual Studio Version 16
VisualStudioVersion = 16.0.31112.23
MinimumVisualStudioVersion = 10.0.40219.1
Project("{FAE04EC0-301F-11D3-BF4B-00C04F79EFBC}") = "AStarPuzzle", "AStarPuzzle\AStarPuzzle.csproj", "{E369B3C5-A4B1-405B-A37B-14FCD87BB3AA}"
EndProject
Global
	GlobalSection(SolutionConfigurationPlatforms) = preSolution
		Debug|Any CPU = Debug|Any CPU
		Release|Any CPU = Release|Any CPU
	EndGlobalSection
	GlobalSection(ProjectConfigurationPlatforms) = postSolution
		{E369B3C5-A4B1-405B-A37B-14FCD87BB3AA}.Debug|Any CPU.ActiveCfg = Debug|Any CPU
		{E369B3C5-A4B1-405B-A37B-14FCD87BB3AA}.Debug|Any CPU.Build.0 = Debug|Any CPU
		{E369B3C5-A4B1-405B-A37B-14FCD87BB3AA}.Release|Any CPU.ActiveCfg = Release|Any CPU
		{E369B3C5-A4B1-405B-A37B-14FCD87BB3AA}.Release|Any CPU.Build.0 = Release|Any CPU
	EndGlobalSection
	GlobalSection(SolutionProperties) = preSolution
		HideSolutionNode = FALSE
	EndGlobalSection
	GlobalSection(ExtensibilityGlobals) = postSolution
		SolutionGuid = {3156F249-FD6F-4271-B39C-935D498E204F}
	EndGlobalSection
EndGlobal
